
Microsoft Visual Studio Solution File, Format Version 12.00
# Visual Studio Version 17
VisualStudioVersion = 17.14.36717.8
MinimumVisualStudioVersion = 10.0.40219.1
Project("{2150E333-8FDC-42A3-9474-1A3956D46DE8}") = "src", "src", "{02EA681E-C7D8-13C7-8484-4AC65E1B71E8}"
EndProject
Project("{FAE04EC0-301F-11D3-BF4B-00C04F79EFBC}") = "Cms.Legal.Web", "Cms.Legal.Web\Cms.Legal.Web.csproj", "{1034CAC0-8505-4C18-9EB2-09266C0AB7AE}"
EndProject
Project("{FAE04EC0-301F-11D3-BF4B-00C04F79EFBC}") = "Cms.DataNpg.Legal", "Cms.DataNpg.Legal\Cms.DataNpg.Legal.csproj", "{67722127-CE26-41C4-BD25-E58B5BA579D5}"
EndProject
Project("{FAE04EC0-301F-11D3-BF4B-00C04F79EFBC}") = "Cms.ModelsView.Legal", "Cms.ModelsView.Legal\Cms.ModelsView.Legal.csproj", "{341351A3-7C52-40B1-A7B3-C41A8532BD21}"
EndProject
Project("{FAE04EC0-301F-11D3-BF4B-00C04F79EFBC}") = "Cms.Legal.Areas", "Cms.Legal.Areas\Cms.Legal.Areas.csproj", "{F36433AF-20F1-4FE8-9E86-9D3903478512}"
EndProject
Project("{FAE04EC0-301F-11D3-BF4B-00C04F79EFBC}") = "Cms.Legal.ModelAI", "Cms.Legal.ModelAI\Cms.Legal.ModelAI.csproj", "{358A84BE-A529-42B0-A2D7-F2855DDB617A}"
EndProject
Global
	GlobalSection(SolutionConfigurationPlatforms) = preSolution
		Debug|Any CPU = Debug|Any CPU
		Release|Any CPU = Release|Any CPU
	EndGlobalSection
	GlobalSection(ProjectConfigurationPlatforms) = postSolution
		{1034CAC0-8505-4C18-9EB2-09266C0AB7AE}.Debug|Any CPU.ActiveCfg = Debug|Any CPU
		{1034CAC0-8505-4C18-9EB2-09266C0AB7AE}.Debug|Any CPU.Build.0 = Debug|Any CPU
		{1034CAC0-8505-4C18-9EB2-09266C0AB7AE}.Release|Any CPU.ActiveCfg = Release|Any CPU
		{1034CAC0-8505-4C18-9EB2-09266C0AB7AE}.Release|Any CPU.Build.0 = Release|Any CPU
		{67722127-CE26-41C4-BD25-E58B5BA579D5}.Debug|Any CPU.ActiveCfg = Debug|Any CPU
		{67722127-CE26-41C4-BD25-E58B5BA579D5}.Debug|Any CPU.Build.0 = Debug|Any CPU
		{67722127-CE26-41C4-BD25-E58B5BA579D5}.Release|Any CPU.ActiveCfg = Release|Any CPU
		{67722127-CE26-41C4-BD25-E58B5BA579D5}.Release|Any CPU.Build.0 = Release|Any CPU
		{341351A3-7C52-40B1-A7B3-C41A8532BD21}.Debug|Any CPU.ActiveCfg = Debug|Any CPU
		{341351A3-7C52-40B1-A7B3-C41A8532BD21}.Debug|Any CPU.Build.0 = Debug|Any CPU
		{341351A3-7C52-40B1-A7B3-C41A8532BD21}.Release|Any CPU.ActiveCfg = Release|Any CPU
		{341351A3-7C52-40B1-A7B3-C41A8532BD21}.Release|Any CPU.Build.0 = Release|Any CPU
		{F36433AF-20F1-4FE8-9E86-9D3903478512}.Debug|Any CPU.ActiveCfg = Debug|Any CPU
		{F36433AF-20F1-4FE8-9E86-9D3903478512}.Debug|Any CPU.Build.0 = Debug|Any CPU
		{F36433AF-20F1-4FE8-9E86-9D3903478512}.Release|Any CPU.ActiveCfg = Release|Any CPU
		{F36433AF-20F1-4FE8-9E86-9D3903478512}.Release|Any CPU.Build.0 = Release|Any CPU
		{358A84BE-A529-42B0-A2D7-F2855DDB617A}.Debug|Any CPU.ActiveCfg = Debug|Any CPU
		{358A84BE-A529-42B0-A2D7-F2855DDB617A}.Debug|Any CPU.Build.0 = Debug|Any CPU
		{358A84BE-A529-42B0-A2D7-F2855DDB617A}.Release|Any CPU.ActiveCfg = Release|Any CPU
		{358A84BE-A529-42B0-A2D7-F2855DDB617A}.Release|Any CPU.Build.0 = Release|Any CPU
	EndGlobalSection
	GlobalSection(SolutionProperties) = preSolution
		HideSolutionNode = FALSE
	EndGlobalSection
	GlobalSection(NestedProjects) = preSolution
		{1034CAC0-8505-4C18-9EB2-09266C0AB7AE} = {02EA681E-C7D8-13C7-8484-4AC65E1B71E8}
		{67722127-CE26-41C4-BD25-E58B5BA579D5} = {02EA681E-C7D8-13C7-8484-4AC65E1B71E8}
		{341351A3-7C52-40B1-A7B3-C41A8532BD21} = {02EA681E-C7D8-13C7-8484-4AC65E1B71E8}
		{F36433AF-20F1-4FE8-9E86-9D3903478512} = {02EA681E-C7D8-13C7-8484-4AC65E1B71E8}
		{358A84BE-A529-42B0-A2D7-F2855DDB617A} = {02EA681E-C7D8-13C7-8484-4AC65E1B71E8}
	EndGlobalSection
	GlobalSection(ExtensibilityGlobals) = postSolution
		SolutionGuid = {6FC55D75-7639-4200-8065-0D41893C45D4}
	EndGlobalSection
EndGlobal
